
Microsoft Visual Studio Solution File, Format Version 12.00
# Visual Studio Version 17
VisualStudioVersion = 17.14.36414.22
MinimumVisualStudioVersion = 10.0.40219.1
Project("{2150E333-8FDC-42A3-9474-1A3956D46DE8}") = "WalletService", "WalletService", "{02EA681E-C7D8-13C7-8484-4AC65E1B71E8}"
EndProject
Project("{2150E333-8FDC-42A3-9474-1A3956D46DE8}") = "WagerService", "WagerService", "{16CEAE1A-5A39-499A-9AEE-B6F71DB7018D}"
EndProject
Project("{2150E333-8FDC-42A3-9474-1A3956D46DE8}") = "DrawService", "DrawService", "{B4C43FD1-D889-4B64-84D3-4209D69DB332}"
EndProject
Project("{2150E333-8FDC-42A3-9474-1A3956D46DE8}") = "Data", "Data", "{0912A407-15FF-424C-A704-A978670D4124}"
EndProject
Project("{FAE04EC0-301F-11D3-BF4B-00C04F79EFBC}") = "WalletService.Data.Models", "WalletService\Data\WalletService.Data.Models\WalletService.Data.Models.csproj", "{AC56708B-BAFA-4E28-B9C4-F11526F9C6DE}"
EndProject
Project("{FAE04EC0-301F-11D3-BF4B-00C04F79EFBC}") = "WalletService.Data", "WalletService\Data\WalletService.Data\WalletService.Data.csproj", "{351B7818-C5C5-4974-9DE1-BCC812474D7C}"
EndProject
Project("{2150E333-8FDC-42A3-9474-1A3956D46DE8}") = "Core", "Core", "{985119E0-48C9-4040-BDDA-8CD07749C788}"
EndProject
Project("{FAE04EC0-301F-11D3-BF4B-00C04F79EFBC}") = "WalletService.Core", "WalletService\Core\WalletService.Core\WalletService.Core.csproj", "{BA7F20FE-A765-4F50-874D-6F634E7592FC}"
EndProject
Project("{FAE04EC0-301F-11D3-BF4B-00C04F79EFBC}") = "WalletService.Core.Models", "WalletService\Core\WalletService.Core.Models\WalletService.Core.Models.csproj", "{3F7F27DB-3346-4F19-B37A-DB27A7C506BE}"
EndProject
Project("{2150E333-8FDC-42A3-9474-1A3956D46DE8}") = "Data", "Data", "{54E42854-9C42-42AB-AC5F-B5162CCF054E}"
EndProject
Project("{FAE04EC0-301F-11D3-BF4B-00C04F79EFBC}") = "WagerService.Data.Models", "WagerService\Data\WagerService.Data.Models\WagerService.Data.Models.csproj", "{0266F277-BCED-443E-AB96-829BA0D8173E}"
EndProject
Project("{FAE04EC0-301F-11D3-BF4B-00C04F79EFBC}") = "WagerService.Data", "WagerService\Data\WagerService.Data\WagerService.Data.csproj", "{FCDE8E30-BB19-408A-9131-178C7A757A79}"
EndProject
Project("{2150E333-8FDC-42A3-9474-1A3956D46DE8}") = "Core", "Core", "{09F37249-4488-4943-8612-20D82173062D}"
EndProject
Project("{FAE04EC0-301F-11D3-BF4B-00C04F79EFBC}") = "WagerService.Core", "WagerService\Core\WagerService.Core\WagerService.Core.csproj", "{2394CD17-7588-411F-AC41-D4967A98F978}"
EndProject
Project("{FAE04EC0-301F-11D3-BF4B-00C04F79EFBC}") = "WagerService.Core.Models", "WagerService\Core\WagerService.Core.Models\WagerService.Core.Models.csproj", "{F44E26CC-3A3C-4DCF-891C-53322D0CDC76}"
EndProject
Project("{2150E333-8FDC-42A3-9474-1A3956D46DE8}") = "Api", "Api", "{FC462818-E428-43B4-AB63-5E35B36F35B1}"
EndProject
Project("{2150E333-8FDC-42A3-9474-1A3956D46DE8}") = "Orchestrators", "Orchestrators", "{CA39A29C-BCAF-423B-80AD-FEA80C964649}"
EndProject
Project("{FAE04EC0-301F-11D3-BF4B-00C04F79EFBC}") = "WalletService.Api", "WalletService\Api\WalletService.Api\WalletService.Api.csproj", "{08E7F87F-94AF-4A47-BD93-1E182393678E}"
EndProject
Project("{FAE04EC0-301F-11D3-BF4B-00C04F79EFBC}") = "WalletService.Api.Models", "WalletService\Api\WalletService.Api.Models\WalletService.Api.Models.csproj", "{328D774F-6A4C-4515-9DFE-AA850C0309FB}"
EndProject
Project("{2150E333-8FDC-42A3-9474-1A3956D46DE8}") = "Api", "Api", "{0D2C9AF1-75FB-433F-A726-EE5B393BF97D}"
EndProject
Project("{FAE04EC0-301F-11D3-BF4B-00C04F79EFBC}") = "WagerService.Api", "WagerService\Api\WagerService.Api\WagerService.Api.csproj", "{241EBAF7-CBF9-478C-8861-1ACDF556C9C0}"
EndProject
Project("{FAE04EC0-301F-11D3-BF4B-00C04F79EFBC}") = "WagerService.Api.Models", "WagerService\Api\WagerService.Api.Models\WagerService.Api.Models.csproj", "{DBB84636-7A15-43A0-AC67-9C68EFE5B37B}"
EndProject
Project("{2150E333-8FDC-42A3-9474-1A3956D46DE8}") = "Data", "Data", "{0890B29F-7C1E-43BC-8EFC-90A33670D87E}"
EndProject
Project("{FAE04EC0-301F-11D3-BF4B-00C04F79EFBC}") = "DrawService.Data.Models", "DrawService\Data\DrawService.Data.Models\DrawService.Data.Models.csproj", "{CA8D4959-C1CD-4277-B129-4372A5502B18}"
EndProject
Project("{FAE04EC0-301F-11D3-BF4B-00C04F79EFBC}") = "DrawService.Data", "DrawService\Data\DrawService.Data\DrawService.Data.csproj", "{B3AE2EF4-E635-41B6-9A28-77B4B70D771C}"
EndProject
Project("{2150E333-8FDC-42A3-9474-1A3956D46DE8}") = "Core", "Core", "{4184F266-E97E-4A17-9DCC-7AA2B6B3FC57}"
EndProject
Project("{FAE04EC0-301F-11D3-BF4B-00C04F79EFBC}") = "DrawService.Core", "DrawService\Core\DrawService.Core\DrawService.Core.csproj", "{83DE0CCF-851A-4E54-A1B3-C9B66CB8A29D}"
EndProject
Project("{FAE04EC0-301F-11D3-BF4B-00C04F79EFBC}") = "DrawService.Core.Models", "DrawService\Core\DrawService.Core.Models\DrawService.Core.Models.csproj", "{77750993-ABD7-4557-8349-AFA03EF46A90}"
EndProject
Project("{2150E333-8FDC-42A3-9474-1A3956D46DE8}") = "Api", "Api", "{84606BB3-DF5E-4EBF-BD0F-F766D13129F5}"
EndProject
Project("{FAE04EC0-301F-11D3-BF4B-00C04F79EFBC}") = "DrawService.Api", "DrawService\Api\DrawService.Api\DrawService.Api.csproj", "{AF1E90A3-3F6B-4EA2-AEBC-ABA99656FA63}"
EndProject
Project("{FAE04EC0-301F-11D3-BF4B-00C04F79EFBC}") = "DrawService.Api.Models", "DrawService\Api\DrawService.Api.Models\DrawService.Api.Models.csproj", "{C4AA4FDD-9297-4B54-AEAA-3DE72F0CA6A2}"
EndProject
Project("{2150E333-8FDC-42A3-9474-1A3956D46DE8}") = "Common", "Common", "{FD643353-5F77-4C2F-9ED1-99E93AD7F346}"
EndProject
Project("{FAE04EC0-301F-11D3-BF4B-00C04F79EFBC}") = "LotteryGame.Common.Models", "Common\LotteryGame.Common.Models\LotteryGame.Common.Models.csproj", "{F3334911-78EF-4EBA-A95D-E11E0DC0F4AC}"
EndProject
Project("{E53339B2-1760-4266-BCC7-CA923CBCF16C}") = "docker-compose", "docker-compose.dcproj", "{81DDED9D-158B-E303-5F62-77A2896D2A5A}"
EndProject
Project("{2150E333-8FDC-42A3-9474-1A3956D46DE8}") = "Api", "Api", "{A04856E6-EF2E-47F7-8E04-A08AE5134392}"
EndProject
Project("{FAE04EC0-301F-11D3-BF4B-00C04F79EFBC}") = "LotteryGame.Orchestrators.Api", "Orchestrators\Api\LotteryGame.Orchestrators.Api\LotteryGame.Orchestrators.Api.csproj", "{B2DA6321-E782-4E53-832E-C1D46F664271}"
EndProject
Project("{FAE04EC0-301F-11D3-BF4B-00C04F79EFBC}") = "LotteryGame.Orchestrators.Api.Models", "Orchestrators\Api\LotteryGame.Orchestrators.Api.Models\LotteryGame.Orchestrators.Api.Models.csproj", "{1DE60262-CFFD-4874-9595-C66A42180744}"
EndProject
Project("{2150E333-8FDC-42A3-9474-1A3956D46DE8}") = "Core", "Core", "{D028F62A-5296-45B2-9EE5-B826A2D17014}"
EndProject
Project("{FAE04EC0-301F-11D3-BF4B-00C04F79EFBC}") = "LotteryGame.Orchestrators.Gateways", "Orchestrators\Core\LotteryGame.Orchestrators.Gateways\LotteryGame.Orchestrators.Gateways.csproj", "{6135314E-E23F-4C23-A9A7-0679D862A9B5}"
EndProject
Project("{FAE04EC0-301F-11D3-BF4B-00C04F79EFBC}") = "LotteryGame.Orchestrators", "Orchestrators\Core\LotteryGame.Orchestrators\LotteryGame.Orchestrators.csproj", "{6F851886-DFA5-482C-A588-844D6B414B49}"
EndProject
Project("{FAE04EC0-301F-11D3-BF4B-00C04F79EFBC}") = "LotteryGame.Orchestrators.Models", "Orchestrators\Core\LotteryGame.Orchestrators.Models\LotteryGame.Orchestrators.Models.csproj", "{CF68AC96-C49F-4D00-B0D2-227BA76EC079}"
EndProject
Project("{FAE04EC0-301F-11D3-BF4B-00C04F79EFBC}") = "LotteryGame.Orchestrators.Cache", "Orchestrators\Core\LotteryGame.Orchestrators.Cache\LotteryGame.Orchestrators.Cache.csproj", "{49AC8B50-8721-4CF6-A55A-570CC2647218}"
EndProject
Project("{2150E333-8FDC-42A3-9474-1A3956D46DE8}") = "Clients", "Clients", "{85A0FF4E-DE0B-417B-A50C-CBD5CC68FF5E}"
EndProject
Project("{2150E333-8FDC-42A3-9474-1A3956D46DE8}") = "Workers", "Workers", "{942FC08C-2BAB-4842-8402-D99AF28CDCE9}"
EndProject
Project("{FAE04EC0-301F-11D3-BF4B-00C04F79EFBC}") = "DrawService.Workers.Infrastructure", "DrawService\Workers\DrawService.Workers.Infrastructure\DrawService.Workers.Infrastructure.csproj", "{B2359040-1E0B-48BD-87CF-A69F59C593EB}"
EndProject
Project("{FAE04EC0-301F-11D3-BF4B-00C04F79EFBC}") = "DrawService.Workers", "DrawService\Workers\DrawService.Workers\DrawService.Workers.csproj", "{2F4BC1F8-D5B2-4EC0-B462-020A1223664C}"
EndProject
Project("{FAE04EC0-301F-11D3-BF4B-00C04F79EFBC}") = "LotteryGame.Common.Utils", "Common\LotteryGame.Common.Utils\LotteryGame.Common.Utils.csproj", "{E62AAAA8-A3C9-4292-82E0-9911D494704E}"
EndProject
Project("{2150E333-8FDC-42A3-9474-1A3956D46DE8}") = "Tests", "Tests", "{7EE4F47F-071D-4FF1-8187-D8B39F40A223}"
EndProject
Project("{2150E333-8FDC-42A3-9474-1A3956D46DE8}") = "WalletService", "WalletService", "{545F2BF7-AEFB-4772-A2D6-3C398E386F4D}"
EndProject
Project("{FAE04EC0-301F-11D3-BF4B-00C04F79EFBC}") = "WalletService.Tests", "Tests\WalletService\WalletService.Tests\WalletService.Tests.csproj", "{7ED1C609-5FFC-4461-BD5F-649F42A8D14E}"
EndProject
Project("{FAE04EC0-301F-11D3-BF4B-00C04F79EFBC}") = "WalletService.Tests.Utils", "Tests\WalletService\WalletService.Tests.Utils\WalletService.Tests.Utils.csproj", "{F0415FCF-0BEA-45BF-A43B-8B2F74D1D9D7}"
EndProject
Project("{2150E333-8FDC-42A3-9474-1A3956D46DE8}") = "WagerService", "WagerService", "{FCAC70B6-914A-4420-B247-92920E395CA3}"
EndProject
Project("{FAE04EC0-301F-11D3-BF4B-00C04F79EFBC}") = "WagerService.Tests", "Tests\WagerService\WagerService.Tests\WagerService.Tests.csproj", "{EA8F92AE-0D13-43DF-B8D1-CEA3C89AAEC1}"
EndProject
Project("{FAE04EC0-301F-11D3-BF4B-00C04F79EFBC}") = "WagerService.Tests.Utils", "Tests\WagerService\WagerService.Tests.Utils\WagerService.Tests.Utils.csproj", "{74E139A7-7DCB-4BC3-A766-B8AD03123516}"
EndProject
Project("{2150E333-8FDC-42A3-9474-1A3956D46DE8}") = "DrawService", "DrawService", "{F603D4E8-C465-45A2-9CC1-C22871F53815}"
EndProject
Project("{FAE04EC0-301F-11D3-BF4B-00C04F79EFBC}") = "DrawService.Tests", "Tests\DrawService\DrawService.Tests\DrawService.Tests.csproj", "{6294DB08-03A1-4D19-B7E3-6270DF5ECEA1}"
EndProject
Global
	GlobalSection(SolutionConfigurationPlatforms) = preSolution
		Debug|Any CPU = Debug|Any CPU
		Release|Any CPU = Release|Any CPU
	EndGlobalSection
	GlobalSection(ProjectConfigurationPlatforms) = postSolution
		{AC56708B-BAFA-4E28-B9C4-F11526F9C6DE}.Debug|Any CPU.ActiveCfg = Debug|Any CPU
		{AC56708B-BAFA-4E28-B9C4-F11526F9C6DE}.Debug|Any CPU.Build.0 = Debug|Any CPU
		{AC56708B-BAFA-4E28-B9C4-F11526F9C6DE}.Release|Any CPU.ActiveCfg = Release|Any CPU
		{AC56708B-BAFA-4E28-B9C4-F11526F9C6DE}.Release|Any CPU.Build.0 = Release|Any CPU
		{351B7818-C5C5-4974-9DE1-BCC812474D7C}.Debug|Any CPU.ActiveCfg = Debug|Any CPU
		{351B7818-C5C5-4974-9DE1-BCC812474D7C}.Debug|Any CPU.Build.0 = Debug|Any CPU
		{351B7818-C5C5-4974-9DE1-BCC812474D7C}.Release|Any CPU.ActiveCfg = Release|Any CPU
		{351B7818-C5C5-4974-9DE1-BCC812474D7C}.Release|Any CPU.Build.0 = Release|Any CPU
		{BA7F20FE-A765-4F50-874D-6F634E7592FC}.Debug|Any CPU.ActiveCfg = Debug|Any CPU
		{BA7F20FE-A765-4F50-874D-6F634E7592FC}.Debug|Any CPU.Build.0 = Debug|Any CPU
		{BA7F20FE-A765-4F50-874D-6F634E7592FC}.Release|Any CPU.ActiveCfg = Release|Any CPU
		{BA7F20FE-A765-4F50-874D-6F634E7592FC}.Release|Any CPU.Build.0 = Release|Any CPU
		{3F7F27DB-3346-4F19-B37A-DB27A7C506BE}.Debug|Any CPU.ActiveCfg = Debug|Any CPU
		{3F7F27DB-3346-4F19-B37A-DB27A7C506BE}.Debug|Any CPU.Build.0 = Debug|Any CPU
		{3F7F27DB-3346-4F19-B37A-DB27A7C506BE}.Release|Any CPU.ActiveCfg = Release|Any CPU
		{3F7F27DB-3346-4F19-B37A-DB27A7C506BE}.Release|Any CPU.Build.0 = Release|Any CPU
		{0266F277-BCED-443E-AB96-829BA0D8173E}.Debug|Any CPU.ActiveCfg = Debug|Any CPU
		{0266F277-BCED-443E-AB96-829BA0D8173E}.Debug|Any CPU.Build.0 = Debug|Any CPU
		{0266F277-BCED-443E-AB96-829BA0D8173E}.Release|Any CPU.ActiveCfg = Release|Any CPU
		{0266F277-BCED-443E-AB96-829BA0D8173E}.Release|Any CPU.Build.0 = Release|Any CPU
		{FCDE8E30-BB19-408A-9131-178C7A757A79}.Debug|Any CPU.ActiveCfg = Debug|Any CPU
		{FCDE8E30-BB19-408A-9131-178C7A757A79}.Debug|Any CPU.Build.0 = Debug|Any CPU
		{FCDE8E30-BB19-408A-9131-178C7A757A79}.Release|Any CPU.ActiveCfg = Release|Any CPU
		{FCDE8E30-BB19-408A-9131-178C7A757A79}.Release|Any CPU.Build.0 = Release|Any CPU
		{2394CD17-7588-411F-AC41-D4967A98F978}.Debug|Any CPU.ActiveCfg = Debug|Any CPU
		{2394CD17-7588-411F-AC41-D4967A98F978}.Debug|Any CPU.Build.0 = Debug|Any CPU
		{2394CD17-7588-411F-AC41-D4967A98F978}.Release|Any CPU.ActiveCfg = Release|Any CPU
		{2394CD17-7588-411F-AC41-D4967A98F978}.Release|Any CPU.Build.0 = Release|Any CPU
		{F44E26CC-3A3C-4DCF-891C-53322D0CDC76}.Debug|Any CPU.ActiveCfg = Debug|Any CPU
		{F44E26CC-3A3C-4DCF-891C-53322D0CDC76}.Debug|Any CPU.Build.0 = Debug|Any CPU
		{F44E26CC-3A3C-4DCF-891C-53322D0CDC76}.Release|Any CPU.ActiveCfg = Release|Any CPU
		{F44E26CC-3A3C-4DCF-891C-53322D0CDC76}.Release|Any CPU.Build.0 = Release|Any CPU
		{08E7F87F-94AF-4A47-BD93-1E182393678E}.Debug|Any CPU.ActiveCfg = Debug|Any CPU
		{08E7F87F-94AF-4A47-BD93-1E182393678E}.Debug|Any CPU.Build.0 = Debug|Any CPU
		{08E7F87F-94AF-4A47-BD93-1E182393678E}.Release|Any CPU.ActiveCfg = Release|Any CPU
		{08E7F87F-94AF-4A47-BD93-1E182393678E}.Release|Any CPU.Build.0 = Release|Any CPU
		{328D774F-6A4C-4515-9DFE-AA850C0309FB}.Debug|Any CPU.ActiveCfg = Debug|Any CPU
		{328D774F-6A4C-4515-9DFE-AA850C0309FB}.Debug|Any CPU.Build.0 = Debug|Any CPU
		{328D774F-6A4C-4515-9DFE-AA850C0309FB}.Release|Any CPU.ActiveCfg = Release|Any CPU
		{328D774F-6A4C-4515-9DFE-AA850C0309FB}.Release|Any CPU.Build.0 = Release|Any CPU
		{241EBAF7-CBF9-478C-8861-1ACDF556C9C0}.Debug|Any CPU.ActiveCfg = Debug|Any CPU
		{241EBAF7-CBF9-478C-8861-1ACDF556C9C0}.Debug|Any CPU.Build.0 = Debug|Any CPU
		{241EBAF7-CBF9-478C-8861-1ACDF556C9C0}.Release|Any CPU.ActiveCfg = Release|Any CPU
		{241EBAF7-CBF9-478C-8861-1ACDF556C9C0}.Release|Any CPU.Build.0 = Release|Any CPU
		{DBB84636-7A15-43A0-AC67-9C68EFE5B37B}.Debug|Any CPU.ActiveCfg = Debug|Any CPU
		{DBB84636-7A15-43A0-AC67-9C68EFE5B37B}.Debug|Any CPU.Build.0 = Debug|Any CPU
		{DBB84636-7A15-43A0-AC67-9C68EFE5B37B}.Release|Any CPU.ActiveCfg = Release|Any CPU
		{DBB84636-7A15-43A0-AC67-9C68EFE5B37B}.Release|Any CPU.Build.0 = Release|Any CPU
		{CA8D4959-C1CD-4277-B129-4372A5502B18}.Debug|Any CPU.ActiveCfg = Debug|Any CPU
		{CA8D4959-C1CD-4277-B129-4372A5502B18}.Debug|Any CPU.Build.0 = Debug|Any CPU
		{CA8D4959-C1CD-4277-B129-4372A5502B18}.Release|Any CPU.ActiveCfg = Release|Any CPU
		{CA8D4959-C1CD-4277-B129-4372A5502B18}.Release|Any CPU.Build.0 = Release|Any CPU
		{B3AE2EF4-E635-41B6-9A28-77B4B70D771C}.Debug|Any CPU.ActiveCfg = Debug|Any CPU
		{B3AE2EF4-E635-41B6-9A28-77B4B70D771C}.Debug|Any CPU.Build.0 = Debug|Any CPU
		{B3AE2EF4-E635-41B6-9A28-77B4B70D771C}.Release|Any CPU.ActiveCfg = Release|Any CPU
		{B3AE2EF4-E635-41B6-9A28-77B4B70D771C}.Release|Any CPU.Build.0 = Release|Any CPU
		{83DE0CCF-851A-4E54-A1B3-C9B66CB8A29D}.Debug|Any CPU.ActiveCfg = Debug|Any CPU
		{83DE0CCF-851A-4E54-A1B3-C9B66CB8A29D}.Debug|Any CPU.Build.0 = Debug|Any CPU
		{83DE0CCF-851A-4E54-A1B3-C9B66CB8A29D}.Release|Any CPU.ActiveCfg = Release|Any CPU
		{83DE0CCF-851A-4E54-A1B3-C9B66CB8A29D}.Release|Any CPU.Build.0 = Release|Any CPU
		{77750993-ABD7-4557-8349-AFA03EF46A90}.Debug|Any CPU.ActiveCfg = Debug|Any CPU
		{77750993-ABD7-4557-8349-AFA03EF46A90}.Debug|Any CPU.Build.0 = Debug|Any CPU
		{77750993-ABD7-4557-8349-AFA03EF46A90}.Release|Any CPU.ActiveCfg = Release|Any CPU
		{77750993-ABD7-4557-8349-AFA03EF46A90}.Release|Any CPU.Build.0 = Release|Any CPU
		{AF1E90A3-3F6B-4EA2-AEBC-ABA99656FA63}.Debug|Any CPU.ActiveCfg = Debug|Any CPU
		{AF1E90A3-3F6B-4EA2-AEBC-ABA99656FA63}.Debug|Any CPU.Build.0 = Debug|Any CPU
		{AF1E90A3-3F6B-4EA2-AEBC-ABA99656FA63}.Release|Any CPU.ActiveCfg = Release|Any CPU
		{AF1E90A3-3F6B-4EA2-AEBC-ABA99656FA63}.Release|Any CPU.Build.0 = Release|Any CPU
		{C4AA4FDD-9297-4B54-AEAA-3DE72F0CA6A2}.Debug|Any CPU.ActiveCfg = Debug|Any CPU
		{C4AA4FDD-9297-4B54-AEAA-3DE72F0CA6A2}.Debug|Any CPU.Build.0 = Debug|Any CPU
		{C4AA4FDD-9297-4B54-AEAA-3DE72F0CA6A2}.Release|Any CPU.ActiveCfg = Release|Any CPU
		{C4AA4FDD-9297-4B54-AEAA-3DE72F0CA6A2}.Release|Any CPU.Build.0 = Release|Any CPU
		{F3334911-78EF-4EBA-A95D-E11E0DC0F4AC}.Debug|Any CPU.ActiveCfg = Debug|Any CPU
		{F3334911-78EF-4EBA-A95D-E11E0DC0F4AC}.Debug|Any CPU.Build.0 = Debug|Any CPU
		{F3334911-78EF-4EBA-A95D-E11E0DC0F4AC}.Release|Any CPU.ActiveCfg = Release|Any CPU
		{F3334911-78EF-4EBA-A95D-E11E0DC0F4AC}.Release|Any CPU.Build.0 = Release|Any CPU
		{81DDED9D-158B-E303-5F62-77A2896D2A5A}.Debug|Any CPU.ActiveCfg = Debug|Any CPU
		{81DDED9D-158B-E303-5F62-77A2896D2A5A}.Debug|Any CPU.Build.0 = Debug|Any CPU
		{81DDED9D-158B-E303-5F62-77A2896D2A5A}.Release|Any CPU.ActiveCfg = Release|Any CPU
		{81DDED9D-158B-E303-5F62-77A2896D2A5A}.Release|Any CPU.Build.0 = Release|Any CPU
		{B2DA6321-E782-4E53-832E-C1D46F664271}.Debug|Any CPU.ActiveCfg = Debug|Any CPU
		{B2DA6321-E782-4E53-832E-C1D46F664271}.Debug|Any CPU.Build.0 = Debug|Any CPU
		{B2DA6321-E782-4E53-832E-C1D46F664271}.Release|Any CPU.ActiveCfg = Release|Any CPU
		{B2DA6321-E782-4E53-832E-C1D46F664271}.Release|Any CPU.Build.0 = Release|Any CPU
		{1DE60262-CFFD-4874-9595-C66A42180744}.Debug|Any CPU.ActiveCfg = Debug|Any CPU
		{1DE60262-CFFD-4874-9595-C66A42180744}.Debug|Any CPU.Build.0 = Debug|Any CPU
		{1DE60262-CFFD-4874-9595-C66A42180744}.Release|Any CPU.ActiveCfg = Release|Any CPU
		{1DE60262-CFFD-4874-9595-C66A42180744}.Release|Any CPU.Build.0 = Release|Any CPU
		{6135314E-E23F-4C23-A9A7-0679D862A9B5}.Debug|Any CPU.ActiveCfg = Debug|Any CPU
		{6135314E-E23F-4C23-A9A7-0679D862A9B5}.Debug|Any CPU.Build.0 = Debug|Any CPU
		{6135314E-E23F-4C23-A9A7-0679D862A9B5}.Release|Any CPU.ActiveCfg = Release|Any CPU
		{6135314E-E23F-4C23-A9A7-0679D862A9B5}.Release|Any CPU.Build.0 = Release|Any CPU
		{6F851886-DFA5-482C-A588-844D6B414B49}.Debug|Any CPU.ActiveCfg = Debug|Any CPU
		{6F851886-DFA5-482C-A588-844D6B414B49}.Debug|Any CPU.Build.0 = Debug|Any CPU
		{6F851886-DFA5-482C-A588-844D6B414B49}.Release|Any CPU.ActiveCfg = Release|Any CPU
		{6F851886-DFA5-482C-A588-844D6B414B49}.Release|Any CPU.Build.0 = Release|Any CPU
		{CF68AC96-C49F-4D00-B0D2-227BA76EC079}.Debug|Any CPU.ActiveCfg = Debug|Any CPU
		{CF68AC96-C49F-4D00-B0D2-227BA76EC079}.Debug|Any CPU.Build.0 = Debug|Any CPU
		{CF68AC96-C49F-4D00-B0D2-227BA76EC079}.Release|Any CPU.ActiveCfg = Release|Any CPU
		{CF68AC96-C49F-4D00-B0D2-227BA76EC079}.Release|Any CPU.Build.0 = Release|Any CPU
		{49AC8B50-8721-4CF6-A55A-570CC2647218}.Debug|Any CPU.ActiveCfg = Debug|Any CPU
		{49AC8B50-8721-4CF6-A55A-570CC2647218}.Debug|Any CPU.Build.0 = Debug|Any CPU
		{49AC8B50-8721-4CF6-A55A-570CC2647218}.Release|Any CPU.ActiveCfg = Release|Any CPU
		{49AC8B50-8721-4CF6-A55A-570CC2647218}.Release|Any CPU.Build.0 = Release|Any CPU
		{B2359040-1E0B-48BD-87CF-A69F59C593EB}.Debug|Any CPU.ActiveCfg = Debug|Any CPU
		{B2359040-1E0B-48BD-87CF-A69F59C593EB}.Debug|Any CPU.Build.0 = Debug|Any CPU
		{B2359040-1E0B-48BD-87CF-A69F59C593EB}.Release|Any CPU.ActiveCfg = Release|Any CPU
		{B2359040-1E0B-48BD-87CF-A69F59C593EB}.Release|Any CPU.Build.0 = Release|Any CPU
		{2F4BC1F8-D5B2-4EC0-B462-020A1223664C}.Debug|Any CPU.ActiveCfg = Debug|Any CPU
		{2F4BC1F8-D5B2-4EC0-B462-020A1223664C}.Debug|Any CPU.Build.0 = Debug|Any CPU
		{2F4BC1F8-D5B2-4EC0-B462-020A1223664C}.Release|Any CPU.ActiveCfg = Release|Any CPU
		{2F4BC1F8-D5B2-4EC0-B462-020A1223664C}.Release|Any CPU.Build.0 = Release|Any CPU
		{E62AAAA8-A3C9-4292-82E0-9911D494704E}.Debug|Any CPU.ActiveCfg = Debug|Any CPU
		{E62AAAA8-A3C9-4292-82E0-9911D494704E}.Debug|Any CPU.Build.0 = Debug|Any CPU
		{E62AAAA8-A3C9-4292-82E0-9911D494704E}.Release|Any CPU.ActiveCfg = Release|Any CPU
		{E62AAAA8-A3C9-4292-82E0-9911D494704E}.Release|Any CPU.Build.0 = Release|Any CPU
		{7ED1C609-5FFC-4461-BD5F-649F42A8D14E}.Debug|Any CPU.ActiveCfg = Debug|Any CPU
		{7ED1C609-5FFC-4461-BD5F-649F42A8D14E}.Debug|Any CPU.Build.0 = Debug|Any CPU
		{7ED1C609-5FFC-4461-BD5F-649F42A8D14E}.Release|Any CPU.ActiveCfg = Release|Any CPU
		{7ED1C609-5FFC-4461-BD5F-649F42A8D14E}.Release|Any CPU.Build.0 = Release|Any CPU
		{F0415FCF-0BEA-45BF-A43B-8B2F74D1D9D7}.Debug|Any CPU.ActiveCfg = Debug|Any CPU
		{F0415FCF-0BEA-45BF-A43B-8B2F74D1D9D7}.Debug|Any CPU.Build.0 = Debug|Any CPU
		{F0415FCF-0BEA-45BF-A43B-8B2F74D1D9D7}.Release|Any CPU.ActiveCfg = Release|Any CPU
		{F0415FCF-0BEA-45BF-A43B-8B2F74D1D9D7}.Release|Any CPU.Build.0 = Release|Any CPU
		{EA8F92AE-0D13-43DF-B8D1-CEA3C89AAEC1}.Debug|Any CPU.ActiveCfg = Debug|Any CPU
		{EA8F92AE-0D13-43DF-B8D1-CEA3C89AAEC1}.Debug|Any CPU.Build.0 = Debug|Any CPU
		{EA8F92AE-0D13-43DF-B8D1-CEA3C89AAEC1}.Release|Any CPU.ActiveCfg = Release|Any CPU
		{EA8F92AE-0D13-43DF-B8D1-CEA3C89AAEC1}.Release|Any CPU.Build.0 = Release|Any CPU
		{74E139A7-7DCB-4BC3-A766-B8AD03123516}.Debug|Any CPU.ActiveCfg = Debug|Any CPU
		{74E139A7-7DCB-4BC3-A766-B8AD03123516}.Debug|Any CPU.Build.0 = Debug|Any CPU
		{74E139A7-7DCB-4BC3-A766-B8AD03123516}.Release|Any CPU.ActiveCfg = Release|Any CPU
		{74E139A7-7DCB-4BC3-A766-B8AD03123516}.Release|Any CPU.Build.0 = Release|Any CPU
		{6294DB08-03A1-4D19-B7E3-6270DF5ECEA1}.Debug|Any CPU.ActiveCfg = Debug|Any CPU
		{6294DB08-03A1-4D19-B7E3-6270DF5ECEA1}.Debug|Any CPU.Build.0 = Debug|Any CPU
		{6294DB08-03A1-4D19-B7E3-6270DF5ECEA1}.Release|Any CPU.ActiveCfg = Release|Any CPU
		{6294DB08-03A1-4D19-B7E3-6270DF5ECEA1}.Release|Any CPU.Build.0 = Release|Any CPU
	EndGlobalSection
	GlobalSection(SolutionProperties) = preSolution
		HideSolutionNode = FALSE
	EndGlobalSection
	GlobalSection(NestedProjects) = preSolution
		{0912A407-15FF-424C-A704-A978670D4124} = {02EA681E-C7D8-13C7-8484-4AC65E1B71E8}
		{AC56708B-BAFA-4E28-B9C4-F11526F9C6DE} = {0912A407-15FF-424C-A704-A978670D4124}
		{351B7818-C5C5-4974-9DE1-BCC812474D7C} = {0912A407-15FF-424C-A704-A978670D4124}
		{985119E0-48C9-4040-BDDA-8CD07749C788} = {02EA681E-C7D8-13C7-8484-4AC65E1B71E8}
		{BA7F20FE-A765-4F50-874D-6F634E7592FC} = {985119E0-48C9-4040-BDDA-8CD07749C788}
		{3F7F27DB-3346-4F19-B37A-DB27A7C506BE} = {985119E0-48C9-4040-BDDA-8CD07749C788}
		{54E42854-9C42-42AB-AC5F-B5162CCF054E} = {16CEAE1A-5A39-499A-9AEE-B6F71DB7018D}
		{0266F277-BCED-443E-AB96-829BA0D8173E} = {54E42854-9C42-42AB-AC5F-B5162CCF054E}
		{FCDE8E30-BB19-408A-9131-178C7A757A79} = {54E42854-9C42-42AB-AC5F-B5162CCF054E}
		{09F37249-4488-4943-8612-20D82173062D} = {16CEAE1A-5A39-499A-9AEE-B6F71DB7018D}
		{2394CD17-7588-411F-AC41-D4967A98F978} = {09F37249-4488-4943-8612-20D82173062D}
		{F44E26CC-3A3C-4DCF-891C-53322D0CDC76} = {09F37249-4488-4943-8612-20D82173062D}
		{FC462818-E428-43B4-AB63-5E35B36F35B1} = {02EA681E-C7D8-13C7-8484-4AC65E1B71E8}
		{08E7F87F-94AF-4A47-BD93-1E182393678E} = {FC462818-E428-43B4-AB63-5E35B36F35B1}
		{328D774F-6A4C-4515-9DFE-AA850C0309FB} = {FC462818-E428-43B4-AB63-5E35B36F35B1}
		{0D2C9AF1-75FB-433F-A726-EE5B393BF97D} = {16CEAE1A-5A39-499A-9AEE-B6F71DB7018D}
		{241EBAF7-CBF9-478C-8861-1ACDF556C9C0} = {0D2C9AF1-75FB-433F-A726-EE5B393BF97D}
		{DBB84636-7A15-43A0-AC67-9C68EFE5B37B} = {0D2C9AF1-75FB-433F-A726-EE5B393BF97D}
		{0890B29F-7C1E-43BC-8EFC-90A33670D87E} = {B4C43FD1-D889-4B64-84D3-4209D69DB332}
		{CA8D4959-C1CD-4277-B129-4372A5502B18} = {0890B29F-7C1E-43BC-8EFC-90A33670D87E}
		{B3AE2EF4-E635-41B6-9A28-77B4B70D771C} = {0890B29F-7C1E-43BC-8EFC-90A33670D87E}
		{4184F266-E97E-4A17-9DCC-7AA2B6B3FC57} = {B4C43FD1-D889-4B64-84D3-4209D69DB332}
		{83DE0CCF-851A-4E54-A1B3-C9B66CB8A29D} = {4184F266-E97E-4A17-9DCC-7AA2B6B3FC57}
		{77750993-ABD7-4557-8349-AFA03EF46A90} = {4184F266-E97E-4A17-9DCC-7AA2B6B3FC57}
		{84606BB3-DF5E-4EBF-BD0F-F766D13129F5} = {B4C43FD1-D889-4B64-84D3-4209D69DB332}
		{AF1E90A3-3F6B-4EA2-AEBC-ABA99656FA63} = {84606BB3-DF5E-4EBF-BD0F-F766D13129F5}
		{C4AA4FDD-9297-4B54-AEAA-3DE72F0CA6A2} = {84606BB3-DF5E-4EBF-BD0F-F766D13129F5}
		{F3334911-78EF-4EBA-A95D-E11E0DC0F4AC} = {FD643353-5F77-4C2F-9ED1-99E93AD7F346}
		{A04856E6-EF2E-47F7-8E04-A08AE5134392} = {CA39A29C-BCAF-423B-80AD-FEA80C964649}
		{B2DA6321-E782-4E53-832E-C1D46F664271} = {A04856E6-EF2E-47F7-8E04-A08AE5134392}
		{1DE60262-CFFD-4874-9595-C66A42180744} = {A04856E6-EF2E-47F7-8E04-A08AE5134392}
		{D028F62A-5296-45B2-9EE5-B826A2D17014} = {CA39A29C-BCAF-423B-80AD-FEA80C964649}
		{6135314E-E23F-4C23-A9A7-0679D862A9B5} = {D028F62A-5296-45B2-9EE5-B826A2D17014}
		{6F851886-DFA5-482C-A588-844D6B414B49} = {D028F62A-5296-45B2-9EE5-B826A2D17014}
		{CF68AC96-C49F-4D00-B0D2-227BA76EC079} = {D028F62A-5296-45B2-9EE5-B826A2D17014}
		{49AC8B50-8721-4CF6-A55A-570CC2647218} = {D028F62A-5296-45B2-9EE5-B826A2D17014}
		{942FC08C-2BAB-4842-8402-D99AF28CDCE9} = {B4C43FD1-D889-4B64-84D3-4209D69DB332}
		{B2359040-1E0B-48BD-87CF-A69F59C593EB} = {942FC08C-2BAB-4842-8402-D99AF28CDCE9}
		{2F4BC1F8-D5B2-4EC0-B462-020A1223664C} = {942FC08C-2BAB-4842-8402-D99AF28CDCE9}
		{E62AAAA8-A3C9-4292-82E0-9911D494704E} = {FD643353-5F77-4C2F-9ED1-99E93AD7F346}
		{545F2BF7-AEFB-4772-A2D6-3C398E386F4D} = {7EE4F47F-071D-4FF1-8187-D8B39F40A223}
		{7ED1C609-5FFC-4461-BD5F-649F42A8D14E} = {545F2BF7-AEFB-4772-A2D6-3C398E386F4D}
		{F0415FCF-0BEA-45BF-A43B-8B2F74D1D9D7} = {545F2BF7-AEFB-4772-A2D6-3C398E386F4D}
		{FCAC70B6-914A-4420-B247-92920E395CA3} = {7EE4F47F-071D-4FF1-8187-D8B39F40A223}
		{EA8F92AE-0D13-43DF-B8D1-CEA3C89AAEC1} = {FCAC70B6-914A-4420-B247-92920E395CA3}
		{74E139A7-7DCB-4BC3-A766-B8AD03123516} = {FCAC70B6-914A-4420-B247-92920E395CA3}
		{F603D4E8-C465-45A2-9CC1-C22871F53815} = {7EE4F47F-071D-4FF1-8187-D8B39F40A223}
		{6294DB08-03A1-4D19-B7E3-6270DF5ECEA1} = {F603D4E8-C465-45A2-9CC1-C22871F53815}
	EndGlobalSection
	GlobalSection(ExtensibilityGlobals) = postSolution
		SolutionGuid = {A9249E1F-2CB1-4A37-8CF0-65A46AFFDF89}
	EndGlobalSection
EndGlobal
