
Microsoft Visual Studio Solution File, Format Version 12.00
# Visual Studio Version 17
VisualStudioVersion = 17.14.36414.22
MinimumVisualStudioVersion = 10.0.40219.1
Project("{2150E333-8FDC-42A3-9474-1A3956D46DE8}") = "WalletService", "WalletService", "{02EA681E-C7D8-13C7-8484-4AC65E1B71E8}"
EndProject
Project("{2150E333-8FDC-42A3-9474-1A3956D46DE8}") = "WagerService", "WagerService", "{16CEAE1A-5A39-499A-9AEE-B6F71DB7018D}"
EndProject
Project("{2150E333-8FDC-42A3-9474-1A3956D46DE8}") = "DrawService", "DrawService", "{B4C43FD1-D889-4B64-84D3-4209D69DB332}"
EndProject
Project("{2150E333-8FDC-42A3-9474-1A3956D46DE8}") = "Data", "Data", "{0912A407-15FF-424C-A704-A978670D4124}"
EndProject
Project("{FAE04EC0-301F-11D3-BF4B-00C04F79EFBC}") = "WalletService.Data.Models", "WalletService\Data\WalletService.Data.Models\WalletService.Data.Models.csproj", "{AC56708B-BAFA-4E28-B9C4-F11526F9C6DE}"
EndProject
Project("{FAE04EC0-301F-11D3-BF4B-00C04F79EFBC}") = "WalletService.Data", "WalletService\Data\WalletService.Data\WalletService.Data.csproj", "{351B7818-C5C5-4974-9DE1-BCC812474D7C}"
EndProject
Project("{2150E333-8FDC-42A3-9474-1A3956D46DE8}") = "Core", "Core", "{985119E0-48C9-4040-BDDA-8CD07749C788}"
EndProject
Project("{FAE04EC0-301F-11D3-BF4B-00C04F79EFBC}") = "WalletService.Core", "WalletService\Core\WalletService.Core\WalletService.Core.csproj", "{BA7F20FE-A765-4F50-874D-6F634E7592FC}"
EndProject
Project("{FAE04EC0-301F-11D3-BF4B-00C04F79EFBC}") = "WalletService.Core.Models", "WalletService\Core\WalletService.Core.Models\WalletService.Core.Models.csproj", "{3F7F27DB-3346-4F19-B37A-DB27A7C506BE}"
EndProject
Project("{2150E333-8FDC-42A3-9474-1A3956D46DE8}") = "Data", "Data", "{54E42854-9C42-42AB-AC5F-B5162CCF054E}"
EndProject
Project("{FAE04EC0-301F-11D3-BF4B-00C04F79EFBC}") = "WagerService.Data.Models", "WagerService\Data\WagerService.Data.Models\WagerService.Data.Models.csproj", "{0266F277-BCED-443E-AB96-829BA0D8173E}"
EndProject
Project("{FAE04EC0-301F-11D3-BF4B-00C04F79EFBC}") = "WagerService.Data", "WagerService\Data\WagerService.Data\WagerService.Data.csproj", "{FCDE8E30-BB19-408A-9131-178C7A757A79}"
EndProject
Project("{2150E333-8FDC-42A3-9474-1A3956D46DE8}") = "Core", "Core", "{09F37249-4488-4943-8612-20D82173062D}"
EndProject
Project("{FAE04EC0-301F-11D3-BF4B-00C04F79EFBC}") = "WagerService.Core", "WagerService\Core\WagerService.Core\WagerService.Core.csproj", "{2394CD17-7588-411F-AC41-D4967A98F978}"
EndProject
Project("{FAE04EC0-301F-11D3-BF4B-00C04F79EFBC}") = "WagerService.Core.Models", "WagerService\Core\WagerService.Core.Models\WagerService.Core.Models.csproj", "{F44E26CC-3A3C-4DCF-891C-53322D0CDC76}"
EndProject
Project("{2150E333-8FDC-42A3-9474-1A3956D46DE8}") = "Infrastructure", "Infrastructure", "{6761B34E-D788-4DBE-B9F0-B3911206309A}"
EndProject
Project("{FAE04EC0-301F-11D3-BF4B-00C04F79EFBC}") = "WagerService.Infrastructure.Mapping", "WagerService\Infrastructure\WagerService.Infrastructure.Mapping\WagerService.Infrastructure.Mapping.csproj", "{D29EF5AD-AD41-46B3-B62D-72FBE7F39020}"
EndProject
Project("{2150E333-8FDC-42A3-9474-1A3956D46DE8}") = "Api", "Api", "{FC462818-E428-43B4-AB63-5E35B36F35B1}"
EndProject
Project("{2150E333-8FDC-42A3-9474-1A3956D46DE8}") = "Orchestrators", "Orchestrators", "{CA39A29C-BCAF-423B-80AD-FEA80C964649}"
EndProject
Project("{FAE04EC0-301F-11D3-BF4B-00C04F79EFBC}") = "LotteryGame.Orchestrators", "Orchestrators\LotteryGame.Orchestrators\LotteryGame.Orchestrators.csproj", "{0555F7A6-09A2-48C3-B5D7-F9C958711B74}"
EndProject
Project("{FAE04EC0-301F-11D3-BF4B-00C04F79EFBC}") = "LotteryGame.Orchestrators.Models", "Orchestrators\LotteryGame.Orchestrators.Models\LotteryGame.Orchestrators.Models.csproj", "{18C71734-E7DB-4CA6-A1CA-BFDB0B9432C1}"
EndProject
Project("{FAE04EC0-301F-11D3-BF4B-00C04F79EFBC}") = "WalletService.Api", "WalletService\Api\WalletService.Api\WalletService.Api.csproj", "{08E7F87F-94AF-4A47-BD93-1E182393678E}"
EndProject
Project("{FAE04EC0-301F-11D3-BF4B-00C04F79EFBC}") = "WalletService.Api.Models", "WalletService\Api\WalletService.Api.Models\WalletService.Api.Models.csproj", "{328D774F-6A4C-4515-9DFE-AA850C0309FB}"
EndProject
Project("{2150E333-8FDC-42A3-9474-1A3956D46DE8}") = "Api", "Api", "{0D2C9AF1-75FB-433F-A726-EE5B393BF97D}"
EndProject
Project("{FAE04EC0-301F-11D3-BF4B-00C04F79EFBC}") = "WagerService.Api", "WagerService\Api\WagerService.Api\WagerService.Api.csproj", "{241EBAF7-CBF9-478C-8861-1ACDF556C9C0}"
EndProject
Project("{FAE04EC0-301F-11D3-BF4B-00C04F79EFBC}") = "WagerService.Api.Models", "WagerService\Api\WagerService.Api.Models\WagerService.Api.Models.csproj", "{DBB84636-7A15-43A0-AC67-9C68EFE5B37B}"
EndProject
Project("{2150E333-8FDC-42A3-9474-1A3956D46DE8}") = "Data", "Data", "{0890B29F-7C1E-43BC-8EFC-90A33670D87E}"
EndProject
Project("{FAE04EC0-301F-11D3-BF4B-00C04F79EFBC}") = "DrawService.Data.Models", "DrawService\Data\DrawService.Data.Models\DrawService.Data.Models.csproj", "{CA8D4959-C1CD-4277-B129-4372A5502B18}"
EndProject
Project("{FAE04EC0-301F-11D3-BF4B-00C04F79EFBC}") = "DrawService.Data", "DrawService\Data\DrawService.Data\DrawService.Data.csproj", "{B3AE2EF4-E635-41B6-9A28-77B4B70D771C}"
EndProject
Project("{2150E333-8FDC-42A3-9474-1A3956D46DE8}") = "Core", "Core", "{4184F266-E97E-4A17-9DCC-7AA2B6B3FC57}"
EndProject
Project("{FAE04EC0-301F-11D3-BF4B-00C04F79EFBC}") = "DrawService.Core", "DrawService\Core\DrawService.Core\DrawService.Core.csproj", "{83DE0CCF-851A-4E54-A1B3-C9B66CB8A29D}"
EndProject
Project("{FAE04EC0-301F-11D3-BF4B-00C04F79EFBC}") = "DrawService.Core.Models", "DrawService\Core\DrawService.Core.Models\DrawService.Core.Models.csproj", "{77750993-ABD7-4557-8349-AFA03EF46A90}"
EndProject
Project("{2150E333-8FDC-42A3-9474-1A3956D46DE8}") = "Api", "Api", "{84606BB3-DF5E-4EBF-BD0F-F766D13129F5}"
EndProject
Project("{FAE04EC0-301F-11D3-BF4B-00C04F79EFBC}") = "DrawService.Api", "DrawService\Api\DrawService.Api\DrawService.Api.csproj", "{AF1E90A3-3F6B-4EA2-AEBC-ABA99656FA63}"
EndProject
Project("{FAE04EC0-301F-11D3-BF4B-00C04F79EFBC}") = "DrawService.Api.Models", "DrawService\Api\DrawService.Api.Models\DrawService.Api.Models.csproj", "{C4AA4FDD-9297-4B54-AEAA-3DE72F0CA6A2}"
EndProject
Global
	GlobalSection(SolutionConfigurationPlatforms) = preSolution
		Debug|Any CPU = Debug|Any CPU
		Release|Any CPU = Release|Any CPU
	EndGlobalSection
	GlobalSection(ProjectConfigurationPlatforms) = postSolution
		{AC56708B-BAFA-4E28-B9C4-F11526F9C6DE}.Debug|Any CPU.ActiveCfg = Debug|Any CPU
		{AC56708B-BAFA-4E28-B9C4-F11526F9C6DE}.Debug|Any CPU.Build.0 = Debug|Any CPU
		{AC56708B-BAFA-4E28-B9C4-F11526F9C6DE}.Release|Any CPU.ActiveCfg = Release|Any CPU
		{AC56708B-BAFA-4E28-B9C4-F11526F9C6DE}.Release|Any CPU.Build.0 = Release|Any CPU
		{351B7818-C5C5-4974-9DE1-BCC812474D7C}.Debug|Any CPU.ActiveCfg = Debug|Any CPU
		{351B7818-C5C5-4974-9DE1-BCC812474D7C}.Debug|Any CPU.Build.0 = Debug|Any CPU
		{351B7818-C5C5-4974-9DE1-BCC812474D7C}.Release|Any CPU.ActiveCfg = Release|Any CPU
		{351B7818-C5C5-4974-9DE1-BCC812474D7C}.Release|Any CPU.Build.0 = Release|Any CPU
		{BA7F20FE-A765-4F50-874D-6F634E7592FC}.Debug|Any CPU.ActiveCfg = Debug|Any CPU
		{BA7F20FE-A765-4F50-874D-6F634E7592FC}.Debug|Any CPU.Build.0 = Debug|Any CPU
		{BA7F20FE-A765-4F50-874D-6F634E7592FC}.Release|Any CPU.ActiveCfg = Release|Any CPU
		{BA7F20FE-A765-4F50-874D-6F634E7592FC}.Release|Any CPU.Build.0 = Release|Any CPU
		{3F7F27DB-3346-4F19-B37A-DB27A7C506BE}.Debug|Any CPU.ActiveCfg = Debug|Any CPU
		{3F7F27DB-3346-4F19-B37A-DB27A7C506BE}.Debug|Any CPU.Build.0 = Debug|Any CPU
		{3F7F27DB-3346-4F19-B37A-DB27A7C506BE}.Release|Any CPU.ActiveCfg = Release|Any CPU
		{3F7F27DB-3346-4F19-B37A-DB27A7C506BE}.Release|Any CPU.Build.0 = Release|Any CPU
		{0266F277-BCED-443E-AB96-829BA0D8173E}.Debug|Any CPU.ActiveCfg = Debug|Any CPU
		{0266F277-BCED-443E-AB96-829BA0D8173E}.Debug|Any CPU.Build.0 = Debug|Any CPU
		{0266F277-BCED-443E-AB96-829BA0D8173E}.Release|Any CPU.ActiveCfg = Release|Any CPU
		{0266F277-BCED-443E-AB96-829BA0D8173E}.Release|Any CPU.Build.0 = Release|Any CPU
		{FCDE8E30-BB19-408A-9131-178C7A757A79}.Debug|Any CPU.ActiveCfg = Debug|Any CPU
		{FCDE8E30-BB19-408A-9131-178C7A757A79}.Debug|Any CPU.Build.0 = Debug|Any CPU
		{FCDE8E30-BB19-408A-9131-178C7A757A79}.Release|Any CPU.ActiveCfg = Release|Any CPU
		{FCDE8E30-BB19-408A-9131-178C7A757A79}.Release|Any CPU.Build.0 = Release|Any CPU
		{2394CD17-7588-411F-AC41-D4967A98F978}.Debug|Any CPU.ActiveCfg = Debug|Any CPU
		{2394CD17-7588-411F-AC41-D4967A98F978}.Debug|Any CPU.Build.0 = Debug|Any CPU
		{2394CD17-7588-411F-AC41-D4967A98F978}.Release|Any CPU.ActiveCfg = Release|Any CPU
		{2394CD17-7588-411F-AC41-D4967A98F978}.Release|Any CPU.Build.0 = Release|Any CPU
		{F44E26CC-3A3C-4DCF-891C-53322D0CDC76}.Debug|Any CPU.ActiveCfg = Debug|Any CPU
		{F44E26CC-3A3C-4DCF-891C-53322D0CDC76}.Debug|Any CPU.Build.0 = Debug|Any CPU
		{F44E26CC-3A3C-4DCF-891C-53322D0CDC76}.Release|Any CPU.ActiveCfg = Release|Any CPU
		{F44E26CC-3A3C-4DCF-891C-53322D0CDC76}.Release|Any CPU.Build.0 = Release|Any CPU
		{D29EF5AD-AD41-46B3-B62D-72FBE7F39020}.Debug|Any CPU.ActiveCfg = Debug|Any CPU
		{D29EF5AD-AD41-46B3-B62D-72FBE7F39020}.Debug|Any CPU.Build.0 = Debug|Any CPU
		{D29EF5AD-AD41-46B3-B62D-72FBE7F39020}.Release|Any CPU.ActiveCfg = Release|Any CPU
		{D29EF5AD-AD41-46B3-B62D-72FBE7F39020}.Release|Any CPU.Build.0 = Release|Any CPU
		{0555F7A6-09A2-48C3-B5D7-F9C958711B74}.Debug|Any CPU.ActiveCfg = Debug|Any CPU
		{0555F7A6-09A2-48C3-B5D7-F9C958711B74}.Debug|Any CPU.Build.0 = Debug|Any CPU
		{0555F7A6-09A2-48C3-B5D7-F9C958711B74}.Release|Any CPU.ActiveCfg = Release|Any CPU
		{0555F7A6-09A2-48C3-B5D7-F9C958711B74}.Release|Any CPU.Build.0 = Release|Any CPU
		{18C71734-E7DB-4CA6-A1CA-BFDB0B9432C1}.Debug|Any CPU.ActiveCfg = Debug|Any CPU
		{18C71734-E7DB-4CA6-A1CA-BFDB0B9432C1}.Debug|Any CPU.Build.0 = Debug|Any CPU
		{18C71734-E7DB-4CA6-A1CA-BFDB0B9432C1}.Release|Any CPU.ActiveCfg = Release|Any CPU
		{18C71734-E7DB-4CA6-A1CA-BFDB0B9432C1}.Release|Any CPU.Build.0 = Release|Any CPU
		{08E7F87F-94AF-4A47-BD93-1E182393678E}.Debug|Any CPU.ActiveCfg = Debug|Any CPU
		{08E7F87F-94AF-4A47-BD93-1E182393678E}.Debug|Any CPU.Build.0 = Debug|Any CPU
		{08E7F87F-94AF-4A47-BD93-1E182393678E}.Release|Any CPU.ActiveCfg = Release|Any CPU
		{08E7F87F-94AF-4A47-BD93-1E182393678E}.Release|Any CPU.Build.0 = Release|Any CPU
		{328D774F-6A4C-4515-9DFE-AA850C0309FB}.Debug|Any CPU.ActiveCfg = Debug|Any CPU
		{328D774F-6A4C-4515-9DFE-AA850C0309FB}.Debug|Any CPU.Build.0 = Debug|Any CPU
		{328D774F-6A4C-4515-9DFE-AA850C0309FB}.Release|Any CPU.ActiveCfg = Release|Any CPU
		{328D774F-6A4C-4515-9DFE-AA850C0309FB}.Release|Any CPU.Build.0 = Release|Any CPU
		{241EBAF7-CBF9-478C-8861-1ACDF556C9C0}.Debug|Any CPU.ActiveCfg = Debug|Any CPU
		{241EBAF7-CBF9-478C-8861-1ACDF556C9C0}.Debug|Any CPU.Build.0 = Debug|Any CPU
		{241EBAF7-CBF9-478C-8861-1ACDF556C9C0}.Release|Any CPU.ActiveCfg = Release|Any CPU
		{241EBAF7-CBF9-478C-8861-1ACDF556C9C0}.Release|Any CPU.Build.0 = Release|Any CPU
		{DBB84636-7A15-43A0-AC67-9C68EFE5B37B}.Debug|Any CPU.ActiveCfg = Debug|Any CPU
		{DBB84636-7A15-43A0-AC67-9C68EFE5B37B}.Debug|Any CPU.Build.0 = Debug|Any CPU
		{DBB84636-7A15-43A0-AC67-9C68EFE5B37B}.Release|Any CPU.ActiveCfg = Release|Any CPU
		{DBB84636-7A15-43A0-AC67-9C68EFE5B37B}.Release|Any CPU.Build.0 = Release|Any CPU
		{CA8D4959-C1CD-4277-B129-4372A5502B18}.Debug|Any CPU.ActiveCfg = Debug|Any CPU
		{CA8D4959-C1CD-4277-B129-4372A5502B18}.Debug|Any CPU.Build.0 = Debug|Any CPU
		{CA8D4959-C1CD-4277-B129-4372A5502B18}.Release|Any CPU.ActiveCfg = Release|Any CPU
		{CA8D4959-C1CD-4277-B129-4372A5502B18}.Release|Any CPU.Build.0 = Release|Any CPU
		{B3AE2EF4-E635-41B6-9A28-77B4B70D771C}.Debug|Any CPU.ActiveCfg = Debug|Any CPU
		{B3AE2EF4-E635-41B6-9A28-77B4B70D771C}.Debug|Any CPU.Build.0 = Debug|Any CPU
		{B3AE2EF4-E635-41B6-9A28-77B4B70D771C}.Release|Any CPU.ActiveCfg = Release|Any CPU
		{B3AE2EF4-E635-41B6-9A28-77B4B70D771C}.Release|Any CPU.Build.0 = Release|Any CPU
		{83DE0CCF-851A-4E54-A1B3-C9B66CB8A29D}.Debug|Any CPU.ActiveCfg = Debug|Any CPU
		{83DE0CCF-851A-4E54-A1B3-C9B66CB8A29D}.Debug|Any CPU.Build.0 = Debug|Any CPU
		{83DE0CCF-851A-4E54-A1B3-C9B66CB8A29D}.Release|Any CPU.ActiveCfg = Release|Any CPU
		{83DE0CCF-851A-4E54-A1B3-C9B66CB8A29D}.Release|Any CPU.Build.0 = Release|Any CPU
		{77750993-ABD7-4557-8349-AFA03EF46A90}.Debug|Any CPU.ActiveCfg = Debug|Any CPU
		{77750993-ABD7-4557-8349-AFA03EF46A90}.Debug|Any CPU.Build.0 = Debug|Any CPU
		{77750993-ABD7-4557-8349-AFA03EF46A90}.Release|Any CPU.ActiveCfg = Release|Any CPU
		{77750993-ABD7-4557-8349-AFA03EF46A90}.Release|Any CPU.Build.0 = Release|Any CPU
		{AF1E90A3-3F6B-4EA2-AEBC-ABA99656FA63}.Debug|Any CPU.ActiveCfg = Debug|Any CPU
		{AF1E90A3-3F6B-4EA2-AEBC-ABA99656FA63}.Debug|Any CPU.Build.0 = Debug|Any CPU
		{AF1E90A3-3F6B-4EA2-AEBC-ABA99656FA63}.Release|Any CPU.ActiveCfg = Release|Any CPU
		{AF1E90A3-3F6B-4EA2-AEBC-ABA99656FA63}.Release|Any CPU.Build.0 = Release|Any CPU
		{C4AA4FDD-9297-4B54-AEAA-3DE72F0CA6A2}.Debug|Any CPU.ActiveCfg = Debug|Any CPU
		{C4AA4FDD-9297-4B54-AEAA-3DE72F0CA6A2}.Debug|Any CPU.Build.0 = Debug|Any CPU
		{C4AA4FDD-9297-4B54-AEAA-3DE72F0CA6A2}.Release|Any CPU.ActiveCfg = Release|Any CPU
		{C4AA4FDD-9297-4B54-AEAA-3DE72F0CA6A2}.Release|Any CPU.Build.0 = Release|Any CPU
	EndGlobalSection
	GlobalSection(SolutionProperties) = preSolution
		HideSolutionNode = FALSE
	EndGlobalSection
	GlobalSection(NestedProjects) = preSolution
		{0912A407-15FF-424C-A704-A978670D4124} = {02EA681E-C7D8-13C7-8484-4AC65E1B71E8}
		{AC56708B-BAFA-4E28-B9C4-F11526F9C6DE} = {0912A407-15FF-424C-A704-A978670D4124}
		{351B7818-C5C5-4974-9DE1-BCC812474D7C} = {0912A407-15FF-424C-A704-A978670D4124}
		{985119E0-48C9-4040-BDDA-8CD07749C788} = {02EA681E-C7D8-13C7-8484-4AC65E1B71E8}
		{BA7F20FE-A765-4F50-874D-6F634E7592FC} = {985119E0-48C9-4040-BDDA-8CD07749C788}
		{3F7F27DB-3346-4F19-B37A-DB27A7C506BE} = {985119E0-48C9-4040-BDDA-8CD07749C788}
		{54E42854-9C42-42AB-AC5F-B5162CCF054E} = {16CEAE1A-5A39-499A-9AEE-B6F71DB7018D}
		{0266F277-BCED-443E-AB96-829BA0D8173E} = {54E42854-9C42-42AB-AC5F-B5162CCF054E}
		{FCDE8E30-BB19-408A-9131-178C7A757A79} = {54E42854-9C42-42AB-AC5F-B5162CCF054E}
		{09F37249-4488-4943-8612-20D82173062D} = {16CEAE1A-5A39-499A-9AEE-B6F71DB7018D}
		{2394CD17-7588-411F-AC41-D4967A98F978} = {09F37249-4488-4943-8612-20D82173062D}
		{F44E26CC-3A3C-4DCF-891C-53322D0CDC76} = {09F37249-4488-4943-8612-20D82173062D}
		{6761B34E-D788-4DBE-B9F0-B3911206309A} = {16CEAE1A-5A39-499A-9AEE-B6F71DB7018D}
		{D29EF5AD-AD41-46B3-B62D-72FBE7F39020} = {6761B34E-D788-4DBE-B9F0-B3911206309A}
		{FC462818-E428-43B4-AB63-5E35B36F35B1} = {02EA681E-C7D8-13C7-8484-4AC65E1B71E8}
		{0555F7A6-09A2-48C3-B5D7-F9C958711B74} = {CA39A29C-BCAF-423B-80AD-FEA80C964649}
		{18C71734-E7DB-4CA6-A1CA-BFDB0B9432C1} = {CA39A29C-BCAF-423B-80AD-FEA80C964649}
		{08E7F87F-94AF-4A47-BD93-1E182393678E} = {FC462818-E428-43B4-AB63-5E35B36F35B1}
		{328D774F-6A4C-4515-9DFE-AA850C0309FB} = {FC462818-E428-43B4-AB63-5E35B36F35B1}
		{0D2C9AF1-75FB-433F-A726-EE5B393BF97D} = {16CEAE1A-5A39-499A-9AEE-B6F71DB7018D}
		{241EBAF7-CBF9-478C-8861-1ACDF556C9C0} = {0D2C9AF1-75FB-433F-A726-EE5B393BF97D}
		{DBB84636-7A15-43A0-AC67-9C68EFE5B37B} = {0D2C9AF1-75FB-433F-A726-EE5B393BF97D}
		{0890B29F-7C1E-43BC-8EFC-90A33670D87E} = {B4C43FD1-D889-4B64-84D3-4209D69DB332}
		{CA8D4959-C1CD-4277-B129-4372A5502B18} = {0890B29F-7C1E-43BC-8EFC-90A33670D87E}
		{B3AE2EF4-E635-41B6-9A28-77B4B70D771C} = {0890B29F-7C1E-43BC-8EFC-90A33670D87E}
		{4184F266-E97E-4A17-9DCC-7AA2B6B3FC57} = {B4C43FD1-D889-4B64-84D3-4209D69DB332}
		{83DE0CCF-851A-4E54-A1B3-C9B66CB8A29D} = {4184F266-E97E-4A17-9DCC-7AA2B6B3FC57}
		{77750993-ABD7-4557-8349-AFA03EF46A90} = {4184F266-E97E-4A17-9DCC-7AA2B6B3FC57}
		{84606BB3-DF5E-4EBF-BD0F-F766D13129F5} = {B4C43FD1-D889-4B64-84D3-4209D69DB332}
		{AF1E90A3-3F6B-4EA2-AEBC-ABA99656FA63} = {84606BB3-DF5E-4EBF-BD0F-F766D13129F5}
		{C4AA4FDD-9297-4B54-AEAA-3DE72F0CA6A2} = {84606BB3-DF5E-4EBF-BD0F-F766D13129F5}
	EndGlobalSection
	GlobalSection(ExtensibilityGlobals) = postSolution
		SolutionGuid = {A9249E1F-2CB1-4A37-8CF0-65A46AFFDF89}
	EndGlobalSection
EndGlobal
